Microsoft Visual Studio Solution File, Format Version 11.00
# Visual Studio 2008

Project("{23731ADA-5DFA-D415-0B71-8B996843F684}") = "Toulmystery", "Assembly-CSharp-firstpass.csproj", "{8C5C5396-ED73-F036-BA58-9066EF40654E}"
EndProject
Project("{23731ADA-5DFA-D415-0B71-8B996843F684}") = "Toulmystery", "Assembly-CSharp.csproj", "{C975CD6E-84AD-DA87-28D8-BDF123D31F76}"
EndProject
Project("{23731ADA-5DFA-D415-0B71-8B996843F684}") = "Toulmystery", "Assembly-CSharp-Editor.csproj", "{79AFA5CA-1697-B2B4-6E5F-5291A784C333}"
EndProject
Project("{23731ADA-5DFA-D415-0B71-8B996843F684}") = "Toulmystery", "Assembly-UnityScript-firstpass.unityproj", "{71E7D785-7F46-E049-0977-953813C2866D}"
EndProject
Global
	GlobalSection(SolutionConfigurationPlatforms) = preSolution
		Debug|Any CPU = Debug|Any CPU
		Release|Any CPU = Release|Any CPU
	EndGlobalSection
	GlobalSection(ProjectConfigurationPlatforms) = postSolution
		{8C5C5396-ED73-F036-BA58-9066EF40654E}.Debug|Any CPU.ActiveCfg = Debug|Any CPU
		{8C5C5396-ED73-F036-BA58-9066EF40654E}.Debug|Any CPU.Build.0 = Debug|Any CPU
		{8C5C5396-ED73-F036-BA58-9066EF40654E}.Release|Any CPU.ActiveCfg = Release|Any CPU
		{8C5C5396-ED73-F036-BA58-9066EF40654E}.Release|Any CPU.Build.0 = Release|Any CPU
		{C975CD6E-84AD-DA87-28D8-BDF123D31F76}.Debug|Any CPU.ActiveCfg = Debug|Any CPU
		{C975CD6E-84AD-DA87-28D8-BDF123D31F76}.Debug|Any CPU.Build.0 = Debug|Any CPU
		{C975CD6E-84AD-DA87-28D8-BDF123D31F76}.Release|Any CPU.ActiveCfg = Release|Any CPU
		{C975CD6E-84AD-DA87-28D8-BDF123D31F76}.Release|Any CPU.Build.0 = Release|Any CPU
		{79AFA5CA-1697-B2B4-6E5F-5291A784C333}.Debug|Any CPU.ActiveCfg = Debug|Any CPU
		{79AFA5CA-1697-B2B4-6E5F-5291A784C333}.Debug|Any CPU.Build.0 = Debug|Any CPU
		{79AFA5CA-1697-B2B4-6E5F-5291A784C333}.Release|Any CPU.ActiveCfg = Release|Any CPU
		{79AFA5CA-1697-B2B4-6E5F-5291A784C333}.Release|Any CPU.Build.0 = Release|Any CPU
		{71E7D785-7F46-E049-0977-953813C2866D}.Debug|Any CPU.ActiveCfg = Debug|Any CPU
		{71E7D785-7F46-E049-0977-953813C2866D}.Debug|Any CPU.Build.0 = Debug|Any CPU
		{71E7D785-7F46-E049-0977-953813C2866D}.Release|Any CPU.ActiveCfg = Release|Any CPU
		{71E7D785-7F46-E049-0977-953813C2866D}.Release|Any CPU.Build.0 = Release|Any CPU
	EndGlobalSection
	GlobalSection(SolutionProperties) = preSolution
		HideSolutionNode = FALSE
	EndGlobalSection
							GlobalSection(MonoDevelopProperties) = preSolution
		StartupItem = Assembly-CSharp.csproj
		Policies = $0
		$0.TextStylePolicy = $1
		$1.inheritsSet = null
		$1.scope = text/x-csharp
		$0.CSharpFormattingPolicy = $2
		$2.inheritsSet = Mono
		$2.inheritsScope = text/x-csharp
		$2.scope = text/x-csharp
		$0.TextStylePolicy = $3
		$3.FileWidth = 120
		$3.TabWidth = 4
		$3.EolMarker = Unix
		$3.inheritsSet = Mono
		$3.inheritsScope = text/plain
		$3.scope = text/plain
	EndGlobalSection

EndGlobal
